{
  "name": "html5up-dimension",
  "lockfileVersion": 2,
  "requires": true,
  "packages": {
    "": {
      "dependencies": {
        "devicon": "^2.15.1",
        "skill-icon": "^0.0.0"
      }
    },
    "node_modules/devicon": {
      "version": "2.15.1",
      "resolved": "https://registry.npmjs.org/devicon/-/devicon-2.15.1.tgz",
      "integrity": "sha512-iyapbDVaq1PgMSMZ4IekgjH230aSUU4kHmZ142lQ2TJ+9HB4P4V78eNDkyaQEEoi0KJhxIGPcTSFqxHaZ4OMyw=="
    },
    "node_modules/skill-icon": {
      "version": "0.0.0",
      "resolved": "https://registry.npmjs.org/skill-icon/-/skill-icon-0.0.0.tgz",
      "integrity": "sha512-yCdT0UOeTGuw6P01P9bSyGkb0NB70L0tw+YmJ3rNPkN/AIKY2IaRcrQoN9jir7JvgXKKOVGwuqSou5N5iCUIxA=="
    }
  },
  "dependencies": {
    "devicon": {
      "version": "2.15.1",
      "resolved": "https://registry.npmjs.org/devicon/-/devicon-2.15.1.tgz",
      "integrity": "sha512-iyapbDVaq1PgMSMZ4IekgjH230aSUU4kHmZ142lQ2TJ+9HB4P4V78eNDkyaQEEoi0KJhxIGPcTSFqxHaZ4OMyw=="
    },
    "skill-icon": {
      "version": "0.0.0",
      "resolved": "https://registry.npmjs.org/skill-icon/-/skill-icon-0.0.0.tgz",
      "integrity": "sha512-yCdT0UOeTGuw6P01P9bSyGkb0NB70L0tw+YmJ3rNPkN/AIKY2IaRcrQoN9jir7JvgXKKOVGwuqSou5N5iCUIxA=="
    }
  }
}
